
Microsoft Visual Studio Solution File, Format Version 12.00
# Visual Studio 2012
Project("{8BC9CEB8-8B4A-11D0-8D11-00A0C91BC942}") = "FirstSteps", "FirstSteps\FirstSteps.vcxproj", "{612B3FC2-A0F2-442B-965A-12DC8BC26128}"
EndProject
Global
	GlobalSection(SolutionConfigurationPlatforms) = preSolution
		Debug|Win32 = Debug|Win32
		Release|Win32 = Release|Win32
	EndGlobalSection
	GlobalSection(ProjectConfigurationPlatforms) = postSolution
		{612B3FC2-A0F2-442B-965A-12DC8BC26128}.Debug|Win32.ActiveCfg = Debug|Win32
		{612B3FC2-A0F2-442B-965A-12DC8BC26128}.Debug|Win32.Build.0 = Debug|Win32
		{612B3FC2-A0F2-442B-965A-12DC8BC26128}.Release|Win32.ActiveCfg = Release|Win32
		{612B3FC2-A0F2-442B-965A-12DC8BC26128}.Release|Win32.Build.0 = Release|Win32
	EndGlobalSection
	GlobalSection(SolutionProperties) = preSolution
		HideSolutionNode = FALSE
	EndGlobalSection
EndGlobal
